// !$*UTF8*$!
{
	archiveVersion = 1;
	classes = {
	};
	objectVersion = 45;
	objects = {

/* Begin PBXAggregateTarget section */
		A546663F18CA30490036819B /* dlcompat-all-tests */ = {
			isa = PBXAggregateTarget;
			buildConfigurationList = A546665918CA306F0036819B /* Build configuration list for PBXAggregateTarget "dlcompat-all-tests" */;
			buildPhases = (
			);
			dependencies = (
				A546664718CA304F0036819B /* PBXTargetDependency */,
				A546664518CA304F0036819B /* PBXTargetDependency */,
				A546664318CA304F0036819B /* PBXTargetDependency */,
			);
			name = "dlcompat-all-tests";
			productName = "dlcompat-all-tests";
		};
/* End PBXAggregateTarget section */

/* Begin PBXBuildFile section */
		A54662E618C92D160036819B /* dlfcn.h in Headers */ = {isa = PBXBuildFile; fileRef = A54662DB18C92D160036819B /* dlfcn.h */; };
		A54662E718C92D160036819B /* error.h in Headers */ = {isa = PBXBuildFile; fileRef = A54662DC18C92D160036819B /* error.h */; };
		A54662E818C92D160036819B /* progname.h in Headers */ = {isa = PBXBuildFile; fileRef = A54662DD18C92D160036819B /* progname.h */; };
		A54662E918C92D160036819B /* _dyld_func_lookup.c in Sources */ = {isa = PBXBuildFile; fileRef = A54662DE18C92D160036819B /* _dyld_func_lookup.c */; };
		A54662EB18C92D160036819B /* dlfcn.c in Sources */ = {isa = PBXBuildFile; fileRef = A54662E018C92D160036819B /* dlfcn.c */; };
		A54662EC18C92D160036819B /* error.c in Sources */ = {isa = PBXBuildFile; fileRef = A54662E118C92D160036819B /* error.c */; };
		A54662ED18C92D160036819B /* lookupDyldFunction.c in Sources */ = {isa = PBXBuildFile; fileRef = A54662E218C92D160036819B /* lookupDyldFunction.c */; };
		A54662EE18C92D160036819B /* malloc.c in Sources */ = {isa = PBXBuildFile; fileRef = A54662E318C92D160036819B /* malloc.c */; };
		A54662EF18C92D160036819B /* progname.c in Sources */ = {isa = PBXBuildFile; fileRef = A54662E418C92D160036819B /* progname.c */; };
		A54662F018C92D160036819B /* realloc.c in Sources */ = {isa = PBXBuildFile; fileRef = A54662E518C92D160036819B /* realloc.c */; };
		A546631C18C92DCB0036819B /* dlmodule.c in Sources */ = {isa = PBXBuildFile; fileRef = A546630C18C92DCB0036819B /* dlmodule.c */; };
		A546632018C92DCB0036819B /* dltest.c in Sources */ = {isa = PBXBuildFile; fileRef = A546631018C92DCB0036819B /* dltest.c */; };
		A546632318C92DCB0036819B /* libfoo.c in Sources */ = {isa = PBXBuildFile; fileRef = A546631318C92DCB0036819B /* libfoo.c */; };
		A546634518C930060036819B /* config.h in Headers */ = {isa = PBXBuildFile; fileRef = A546634418C930060036819B /* config.h */; };
		A546634D18C930390036819B /* dlfcn.h in Headers */ = {isa = PBXBuildFile; fileRef = A54662DB18C92D160036819B /* dlfcn.h */; };
		A546635018C930390036819B /* config.h in Headers */ = {isa = PBXBuildFile; fileRef = A546634418C930060036819B /* config.h */; };
		A546635218C930390036819B /* _dyld_func_lookup.c in Sources */ = {isa = PBXBuildFile; fileRef = A54662DE18C92D160036819B /* _dyld_func_lookup.c */; };
		A546635318C930390036819B /* dlfcn_simple.c in Sources */ = {isa = PBXBuildFile; fileRef = A54662DF18C92D160036819B /* dlfcn_simple.c */; };
		A546635618C930390036819B /* lookupDyldFunction.c in Sources */ = {isa = PBXBuildFile; fileRef = A54662E218C92D160036819B /* lookupDyldFunction.c */; };
		A54665D218CA2BE90036819B /* dlmodule.c in Sources */ = {isa = PBXBuildFile; fileRef = A546630C18C92DCB0036819B /* dlmodule.c */; };
		A54665D418CA2BE90036819B /* libfoo.c in Sources */ = {isa = PBXBuildFile; fileRef = A546631318C92DCB0036819B /* libfoo.c */; };
		A54665E318CA2C2D0036819B /* dlmodule.c in Sources */ = {isa = PBXBuildFile; fileRef = A546630C18C92DCB0036819B /* dlmodule.c */; };
		A54665E518CA2C2D0036819B /* libfoo.c in Sources */ = {isa = PBXBuildFile; fileRef = A546631318C92DCB0036819B /* libfoo.c */; };
		A54665ED18CA2C560036819B /* dlsymtest.c in Sources */ = {isa = PBXBuildFile; fileRef = A546630E18C92DCB0036819B /* dlsymtest.c */; };
		A54665EE18CA2C690036819B /* dladdr.c in Sources */ = {isa = PBXBuildFile; fileRef = A546630A18C92DCB0036819B /* dladdr.c */; };
/* End PBXBuildFile section */

/* Begin PBXContainerItemProxy section */
		A546664218CA304F0036819B /* PBXContainerItemProxy */ = {
			isa = PBXContainerItemProxy;
			containerPortal = 08FB7793FE84155DC02AAC07 /* Project object */;
			proxyType = 1;
			remoteGlobalIDString = A54665CF18CA2BE90036819B;
			remoteInfo = "dlcompat-dladdr-test";
		};
		A546664418CA304F0036819B /* PBXContainerItemProxy */ = {
			isa = PBXContainerItemProxy;
			containerPortal = 08FB7793FE84155DC02AAC07 /* Project object */;
			proxyType = 1;
			remoteGlobalIDString = A54665E018CA2C2D0036819B;
			remoteInfo = "dlcompat-dlsymtest-test";
		};
		A546664618CA304F0036819B /* PBXContainerItemProxy */ = {
			isa = PBXContainerItemProxy;
			containerPortal = 08FB7793FE84155DC02AAC07 /* Project object */;
			proxyType = 1;
			remoteGlobalIDString = A546630018C92DBC0036819B;
			remoteInfo = "dlcompat-dltest-test";
		};
/* End PBXContainerItemProxy section */

/* Begin PBXFileReference section */
		A54662DB18C92D160036819B /* dlfcn.h */ = {isa = PBXFileReference; fileEncoding = 4; lastKnownFileType = sourcecode.c.h; path = dlfcn.h; sourceTree = "<group>"; };
		A54662DC18C92D160036819B /* error.h */ = {isa = PBXFileReference; fileEncoding = 4; lastKnownFileType = sourcecode.c.h; path = error.h; sourceTree = "<group>"; };
		A54662DD18C92D160036819B /* progname.h */ = {isa = PBXFileReference; fileEncoding = 4; lastKnownFileType = sourcecode.c.h; path = progname.h; sourceTree = "<group>"; };
		A54662DE18C92D160036819B /* _dyld_func_lookup.c */ = {isa = PBXFileReference; fileEncoding = 4; lastKnownFileType = sourcecode.c.c; path = _dyld_func_lookup.c; sourceTree = "<group>"; };
		A54662DF18C92D160036819B /* dlfcn_simple.c */ = {isa = PBXFileReference; fileEncoding = 4; lastKnownFileType = sourcecode.c.c; path = dlfcn_simple.c; sourceTree = "<group>"; };
		A54662E018C92D160036819B /* dlfcn.c */ = {isa = PBXFileReference; fileEncoding = 4; lastKnownFileType = sourcecode.c.c; path = dlfcn.c; sourceTree = "<group>"; };
		A54662E118C92D160036819B /* error.c */ = {isa = PBXFileReference; fileEncoding = 4; indentWidth = 2; lastKnownFileType = sourcecode.c.c; path = error.c; sourceTree = "<group>"; tabWidth = 4; usesTabs = 0; };
		A54662E218C92D160036819B /* lookupDyldFunction.c */ = {isa = PBXFileReference; fileEncoding = 4; lastKnownFileType = sourcecode.c.c; path = lookupDyldFunction.c; sourceTree = "<group>"; };
		A54662E318C92D160036819B /* malloc.c */ = {isa = PBXFileReference; fileEncoding = 4; lastKnownFileType = sourcecode.c.c; path = malloc.c; sourceTree = "<group>"; };
		A54662E418C92D160036819B /* progname.c */ = {isa = PBXFileReference; fileEncoding = 4; lastKnownFileType = sourcecode.c.c; path = progname.c; sourceTree = "<group>"; };
		A54662E518C92D160036819B /* realloc.c */ = {isa = PBXFileReference; fileEncoding = 4; lastKnownFileType = sourcecode.c.c; path = realloc.c; sourceTree = "<group>"; };
		A54662F118C92D260036819B /* dladdr.3 */ = {isa = PBXFileReference; explicitFileType = text.man; fileEncoding = 4; path = dladdr.3; sourceTree = "<group>"; };
		A54662F218C92D2D0036819B /* AUTHORS */ = {isa = PBXFileReference; fileEncoding = 4; lastKnownFileType = text; path = AUTHORS; sourceTree = "<group>"; };
		A54662F318C92D300036819B /* ChangeLog */ = {isa = PBXFileReference; fileEncoding = 4; lastKnownFileType = text; path = ChangeLog; sourceTree = "<group>"; };
		A54662F418C92D400036819B /* COPYING */ = {isa = PBXFileReference; fileEncoding = 4; lastKnownFileType = text; path = COPYING; sourceTree = "<group>"; };
		A54662F518C92D440036819B /* LICENSE */ = {isa = PBXFileReference; fileEncoding = 4; lastKnownFileType = text; path = LICENSE; sourceTree = "<group>"; };
		A54662F618C92D470036819B /* INSTALL */ = {isa = PBXFileReference; fileEncoding = 4; lastKnownFileType = text; path = INSTALL; sourceTree = "<group>"; };
		A54662F718C92D4C0036819B /* NEWS */ = {isa = PBXFileReference; fileEncoding = 4; lastKnownFileType = text; path = NEWS; sourceTree = "<group>"; };
		A54662F818C92D5A0036819B /* README */ = {isa = PBXFileReference; fileEncoding = 4; lastKnownFileType = text; path = README; sourceTree = "<group>"; };
		A54662F918C92D600036819B /* THANKS */ = {isa = PBXFileReference; fileEncoding = 4; lastKnownFileType = text; path = THANKS; sourceTree = "<group>"; };
		A54662FA18C92D640036819B /* TODO */ = {isa = PBXFileReference; fileEncoding = 4; lastKnownFileType = text; path = TODO; sourceTree = "<group>"; };
		A546630118C92DBC0036819B /* dlcompat-dltest-test.octest */ = {isa = PBXFileReference; explicitFileType = wrapper.cfbundle; includeInIndex = 0; path = "dlcompat-dltest-test.octest"; sourceTree = BUILT_PRODUCTS_DIR; };
		A546630218C92DBC0036819B /* dlcompat-dltest-test-Info.plist */ = {isa = PBXFileReference; lastKnownFileType = text.plist.xml; path = "dlcompat-dltest-test-Info.plist"; sourceTree = "<group>"; };
		A546630A18C92DCB0036819B /* dladdr.c */ = {isa = PBXFileReference; fileEncoding = 4; lastKnownFileType = sourcecode.c.c; path = dladdr.c; sourceTree = "<group>"; };
		A546630C18C92DCB0036819B /* dlmodule.c */ = {isa = PBXFileReference; fileEncoding = 4; lastKnownFileType = sourcecode.c.c; path = dlmodule.c; sourceTree = "<group>"; };
		A546630E18C92DCB0036819B /* dlsymtest.c */ = {isa = PBXFileReference; fileEncoding = 4; lastKnownFileType = sourcecode.c.c; path = dlsymtest.c; sourceTree = "<group>"; };
		A546631018C92DCB0036819B /* dltest.c */ = {isa = PBXFileReference; fileEncoding = 4; lastKnownFileType = sourcecode.c.c; path = dltest.c; sourceTree = "<group>"; };
		A546631318C92DCB0036819B /* libfoo.c */ = {isa = PBXFileReference; fileEncoding = 4; lastKnownFileType = sourcecode.c.c; path = libfoo.c; sourceTree = "<group>"; };
		A546634418C930060036819B /* config.h */ = {isa = PBXFileReference; comments = "If this file is missing, be sure that you have configured in the autotools way first.\n"; fileEncoding = 4; lastKnownFileType = sourcecode.c.h; path = config.h; sourceTree = "<group>"; };
		A546635E18C930390036819B /* libdlcompat.dylib */ = {isa = PBXFileReference; explicitFileType = "compiled.mach-o.dylib"; includeInIndex = 0; path = libdlcompat.dylib; sourceTree = BUILT_PRODUCTS_DIR; };
		A54665DA18CA2BE90036819B /* dlcompat-dladdr-test.octest */ = {isa = PBXFileReference; explicitFileType = wrapper.cfbundle; includeInIndex = 0; path = "dlcompat-dladdr-test.octest"; sourceTree = BUILT_PRODUCTS_DIR; };
		A54665EB18CA2C2D0036819B /* dlcompat-dlsymtest-test.octest */ = {isa = PBXFileReference; explicitFileType = wrapper.cfbundle; includeInIndex = 0; path = "dlcompat-dlsymtest-test.octest"; sourceTree = BUILT_PRODUCTS_DIR; };
		A54665FC18CA2CEA0036819B /* dlcompat-dlsymtest-test-Info.plist */ = {isa = PBXFileReference; fileEncoding = 4; lastKnownFileType = text.plist.xml; path = "dlcompat-dlsymtest-test-Info.plist"; sourceTree = "<group>"; };
		A546660518CA2D360036819B /* dlcompat-dladdr-test-Info.plist */ = {isa = PBXFileReference; fileEncoding = 4; lastKnownFileType = text.plist.xml; path = "dlcompat-dladdr-test-Info.plist"; sourceTree = "<group>"; };
		D2AAC0630554660B00DB518D /* libdlcompat.dylib */ = {isa = PBXFileReference; explicitFileType = "compiled.mach-o.dylib"; includeInIndex = 0; path = libdlcompat.dylib; sourceTree = BUILT_PRODUCTS_DIR; };
/* End PBXFileReference section */

/* Begin PBXFrameworksBuildPhase section */
		A54662FE18C92DBC0036819B /* Frameworks */ = {
			isa = PBXFrameworksBuildPhase;
			buildActionMask = 2147483647;
			files = (
			);
			runOnlyForDeploymentPostprocessing = 0;
		};
		A546635A18C930390036819B /* Frameworks */ = {
			isa = PBXFrameworksBuildPhase;
			buildActionMask = 2147483647;
			files = (
			);
			runOnlyForDeploymentPostprocessing = 0;
		};
		A54665D518CA2BE90036819B /* Frameworks */ = {
			isa = PBXFrameworksBuildPhase;
			buildActionMask = 2147483647;
			files = (
			);
			runOnlyForDeploymentPostprocessing = 0;
		};
		A54665E618CA2C2D0036819B /* Frameworks */ = {
			isa = PBXFrameworksBuildPhase;
			buildActionMask = 2147483647;
			files = (
			);
			runOnlyForDeploymentPostprocessing = 0;
		};
		D289988505E68E00004EDB86 /* Frameworks */ = {
			isa = PBXFrameworksBuildPhase;
			buildActionMask = 2147483647;
			files = (
			);
			runOnlyForDeploymentPostprocessing = 0;
		};
/* End PBXFrameworksBuildPhase section */

/* Begin PBXGroup section */
		08FB7794FE84155DC02AAC07 /* dlcompat */ = {
			isa = PBXGroup;
			children = (
				08FB7795FE84155DC02AAC07 /* Source */,
				1AB674ADFE9D54B511CA2CBB /* Products */,
				A546660518CA2D360036819B /* dlcompat-dladdr-test-Info.plist */,
				A546630218C92DBC0036819B /* dlcompat-dltest-test-Info.plist */,
				A54665FC18CA2CEA0036819B /* dlcompat-dlsymtest-test-Info.plist */,
			);
			name = dlcompat;
			sourceTree = "<group>";
		};
		08FB7795FE84155DC02AAC07 /* Source */ = {
			isa = PBXGroup;
			children = (
				A546630618C92DCB0036819B /* test */,
				A54662FA18C92D640036819B /* TODO */,
				A54662F918C92D600036819B /* THANKS */,
				A54662F818C92D5A0036819B /* README */,
				A54662F718C92D4C0036819B /* NEWS */,
				A54662F618C92D470036819B /* INSTALL */,
				A54662F518C92D440036819B /* LICENSE */,
				A54662F418C92D400036819B /* COPYING */,
				A54662F318C92D300036819B /* ChangeLog */,
				A54662F218C92D2D0036819B /* AUTHORS */,
				A54662F118C92D260036819B /* dladdr.3 */,
				A546634418C930060036819B /* config.h */,
				A54662DB18C92D160036819B /* dlfcn.h */,
				A54662DC18C92D160036819B /* error.h */,
				A54662DD18C92D160036819B /* progname.h */,
				A54662DE18C92D160036819B /* _dyld_func_lookup.c */,
				A54662DF18C92D160036819B /* dlfcn_simple.c */,
				A54662E018C92D160036819B /* dlfcn.c */,
				A54662E118C92D160036819B /* error.c */,
				A54662E218C92D160036819B /* lookupDyldFunction.c */,
				A54662E318C92D160036819B /* malloc.c */,
				A54662E418C92D160036819B /* progname.c */,
				A54662E518C92D160036819B /* realloc.c */,
			);
			name = Source;
			sourceTree = "<group>";
		};
		1AB674ADFE9D54B511CA2CBB /* Products */ = {
			isa = PBXGroup;
			children = (
				D2AAC0630554660B00DB518D /* libdlcompat.dylib */,
				A546630118C92DBC0036819B /* dlcompat-dltest-test.octest */,
				A546635E18C930390036819B /* libdlcompat.dylib */,
				A54665DA18CA2BE90036819B /* dlcompat-dladdr-test.octest */,
				A54665EB18CA2C2D0036819B /* dlcompat-dlsymtest-test.octest */,
			);
			name = Products;
			sourceTree = "<group>";
		};
		A546630618C92DCB0036819B /* test */ = {
			isa = PBXGroup;
			children = (
				A546630A18C92DCB0036819B /* dladdr.c */,
				A546630C18C92DCB0036819B /* dlmodule.c */,
				A546630E18C92DCB0036819B /* dlsymtest.c */,
				A546631018C92DCB0036819B /* dltest.c */,
				A546631318C92DCB0036819B /* libfoo.c */,
			);
			path = test;
			sourceTree = "<group>";
		};
/* End PBXGroup section */

/* Begin PBXHeadersBuildPhase section */
		A546634C18C930390036819B /* Headers */ = {
			isa = PBXHeadersBuildPhase;
			buildActionMask = 2147483647;
			files = (
				A546634D18C930390036819B /* dlfcn.h in Headers */,
				A546635018C930390036819B /* config.h in Headers */,
			);
			runOnlyForDeploymentPostprocessing = 0;
		};
		D2AAC0600554660B00DB518D /* Headers */ = {
			isa = PBXHeadersBuildPhase;
			buildActionMask = 2147483647;
			files = (
				A54662E618C92D160036819B /* dlfcn.h in Headers */,
				A54662E718C92D160036819B /* error.h in Headers */,
				A54662E818C92D160036819B /* progname.h in Headers */,
				A546634518C930060036819B /* config.h in Headers */,
			);
			runOnlyForDeploymentPostprocessing = 0;
		};
/* End PBXHeadersBuildPhase section */

/* Begin PBXLegacyTarget section */
		A54665B118CA2AF90036819B /* make-dlcompat */ = {
			isa = PBXLegacyTarget;
			buildArgumentsString = "$(ACTION)";
			buildConfigurationList = A54665B818CA2B2C0036819B /* Build configuration list for PBXLegacyTarget "make-dlcompat" */;
			buildPhases = (
			);
			buildToolPath = /usr/bin/make;
			buildWorkingDirectory = "";
			dependencies = (
			);
			name = "make-dlcompat";
			passBuildSettingsInEnvironment = 1;
			productName = "make-dlcompat";
		};
		A54665B918CA2B490036819B /* make-dlcompat-test */ = {
			isa = PBXLegacyTarget;
			buildArgumentsString = "$(ACTION)";
			buildConfigurationList = A54665BC18CA2B670036819B /* Build configuration list for PBXLegacyTarget "make-dlcompat-test" */;
			buildPhases = (
			);
			buildToolPath = /usr/bin/make;
			buildWorkingDirectory = "$(SOURCE_ROOT)/test";
			dependencies = (
			);
			name = "make-dlcompat-test";
			passBuildSettingsInEnvironment = 1;
			productName = "make-dlcompat-test";
		};
/* End PBXLegacyTarget section */

/* Begin PBXNativeTarget section */
		A546630018C92DBC0036819B /* dlcompat-dltest-test */ = {
			isa = PBXNativeTarget;
			buildConfigurationList = A546630518C92DBC0036819B /* Build configuration list for PBXNativeTarget "dlcompat-dltest-test" */;
			buildPhases = (
				A54662FC18C92DBC0036819B /* Resources */,
				A54662FD18C92DBC0036819B /* Sources */,
				A54662FE18C92DBC0036819B /* Frameworks */,
				A54662FF18C92DBC0036819B /* ShellScript */,
			);
			buildRules = (
			);
			dependencies = (
			);
			name = "dlcompat-dltest-test";
			productName = "dlcompat-test";
			productReference = A546630118C92DBC0036819B /* dlcompat-dltest-test.octest */;
			productType = "com.apple.product-type.bundle";
		};
		A546634B18C930390036819B /* dlcompat_simple */ = {
			isa = PBXNativeTarget;
			buildConfigurationList = A546635B18C930390036819B /* Build configuration list for PBXNativeTarget "dlcompat_simple" */;
			buildPhases = (
				A546634C18C930390036819B /* Headers */,
				A546635118C930390036819B /* Sources */,
				A546635A18C930390036819B /* Frameworks */,
			);
			buildRules = (
			);
			dependencies = (
			);
			name = dlcompat_simple;
			productName = dlcompat;
			productReference = A546635E18C930390036819B /* libdlcompat.dylib */;
			productType = "com.apple.product-type.library.dynamic";
		};
		A54665CF18CA2BE90036819B /* dlcompat-dladdr-test */ = {
			isa = PBXNativeTarget;
			buildConfigurationList = A54665D718CA2BE90036819B /* Build configuration list for PBXNativeTarget "dlcompat-dladdr-test" */;
			buildPhases = (
				A54665D018CA2BE90036819B /* Resources */,
				A54665D118CA2BE90036819B /* Sources */,
				A54665D518CA2BE90036819B /* Frameworks */,
				A54665D618CA2BE90036819B /* ShellScript */,
			);
			buildRules = (
			);
			dependencies = (
			);
			name = "dlcompat-dladdr-test";
			productName = "dlcompat-test";
			productReference = A54665DA18CA2BE90036819B /* dlcompat-dladdr-test.octest */;
			productType = "com.apple.product-type.bundle";
		};
		A54665E018CA2C2D0036819B /* dlcompat-dlsymtest-test */ = {
			isa = PBXNativeTarget;
			buildConfigurationList = A54665E818CA2C2D0036819B /* Build configuration list for PBXNativeTarget "dlcompat-dlsymtest-test" */;
			buildPhases = (
				A54665E118CA2C2D0036819B /* Resources */,
				A54665E218CA2C2D0036819B /* Sources */,
				A54665E618CA2C2D0036819B /* Frameworks */,
				A54665E718CA2C2D0036819B /* ShellScript */,
			);
			buildRules = (
			);
			dependencies = (
			);
			name = "dlcompat-dlsymtest-test";
			productName = "dlcompat-test";
			productReference = A54665EB18CA2C2D0036819B /* dlcompat-dlsymtest-test.octest */;
			productType = "com.apple.product-type.bundle";
		};
		D2AAC0620554660B00DB518D /* dlcompat */ = {
			isa = PBXNativeTarget;
			buildConfigurationList = 1DEB914A08733D8E0010E9CD /* Build configuration list for PBXNativeTarget "dlcompat" */;
			buildPhases = (
				D2AAC0600554660B00DB518D /* Headers */,
				D2AAC0610554660B00DB518D /* Sources */,
				D289988505E68E00004EDB86 /* Frameworks */,
			);
			buildRules = (
			);
			dependencies = (
			);
			name = dlcompat;
			productName = dlcompat;
			productReference = D2AAC0630554660B00DB518D /* libdlcompat.dylib */;
			productType = "com.apple.product-type.library.dynamic";
		};
/* End PBXNativeTarget section */

/* Begin PBXProject section */
		08FB7793FE84155DC02AAC07 /* Project object */ = {
			isa = PBXProject;
			buildConfigurationList = 1DEB914E08733D8E0010E9CD /* Build configuration list for PBXProject "dlcompat" */;
			compatibilityVersion = "Xcode 3.1";
			developmentRegion = English;
			hasScannedForEncodings = 1;
			knownRegions = (
				English,
				Japanese,
				French,
				German,
			);
			mainGroup = 08FB7794FE84155DC02AAC07 /* dlcompat */;
			projectDirPath = "";
			projectRoot = "";
			targets = (
				D2AAC0620554660B00DB518D /* dlcompat */,
				A546634B18C930390036819B /* dlcompat_simple */,
				A546630018C92DBC0036819B /* dlcompat-dltest-test */,
				A54665E018CA2C2D0036819B /* dlcompat-dlsymtest-test */,
				A54665CF18CA2BE90036819B /* dlcompat-dladdr-test */,
				A54665B118CA2AF90036819B /* make-dlcompat */,
				A54665B918CA2B490036819B /* make-dlcompat-test */,
				A546663F18CA30490036819B /* dlcompat-all-tests */,
			);
		};
/* End PBXProject section */

/* Begin PBXResourcesBuildPhase section */
		A54662FC18C92DBC0036819B /* Resources */ = {
			isa = PBXResourcesBuildPhase;
			buildActionMask = 2147483647;
			files = (
			);
			runOnlyForDeploymentPostprocessing = 0;
		};
		A54665D018CA2BE90036819B /* Resources */ = {
			isa = PBXResourcesBuildPhase;
			buildActionMask = 2147483647;
			files = (
			);
			runOnlyForDeploymentPostprocessing = 0;
		};
		A54665E118CA2C2D0036819B /* Resources */ = {
			isa = PBXResourcesBuildPhase;
			buildActionMask = 2147483647;
			files = (
			);
			runOnlyForDeploymentPostprocessing = 0;
		};
/* End PBXResourcesBuildPhase section */

/* Begin PBXShellScriptBuildPhase section */
		A54662FF18C92DBC0036819B /* ShellScript */ = {
			isa = PBXShellScriptBuildPhase;
			buildActionMask = 2147483647;
			files = (
			);
			inputPaths = (
			);
			outputPaths = (
			);
			runOnlyForDeploymentPostprocessing = 0;
			shellPath = /bin/sh;
			shellScript = "# Run the unit tests in this test bundle.\n\"${SYSTEM_DEVELOPER_DIR}/Tools/RunUnitTests\"\n";
		};
		A54665D618CA2BE90036819B /* ShellScript */ = {
			isa = PBXShellScriptBuildPhase;
			buildActionMask = 2147483647;
			files = (
			);
			inputPaths = (
			);
			outputPaths = (
			);
			runOnlyForDeploymentPostprocessing = 0;
			shellPath = /bin/sh;
			shellScript = "# Run the unit tests in this test bundle.\n\"${SYSTEM_DEVELOPER_DIR}/Tools/RunUnitTests\"\n";
		};
		A54665E718CA2C2D0036819B /* ShellScript */ = {
			isa = PBXShellScriptBuildPhase;
			buildActionMask = 2147483647;
			files = (
			);
			inputPaths = (
			);
			outputPaths = (
			);
			runOnlyForDeploymentPostprocessing = 0;
			shellPath = /bin/sh;
			shellScript = "# Run the unit tests in this test bundle.\n\"${SYSTEM_DEVELOPER_DIR}/Tools/RunUnitTests\"\n";
		};
/* End PBXShellScriptBuildPhase section */

/* Begin PBXSourcesBuildPhase section */
		A54662FD18C92DBC0036819B /* Sources */ = {
			isa = PBXSourcesBuildPhase;
			buildActionMask = 2147483647;
			files = (
				A546631C18C92DCB0036819B /* dlmodule.c in Sources */,
				A546632018C92DCB0036819B /* dltest.c in Sources */,
				A546632318C92DCB0036819B /* libfoo.c in Sources */,
			);
			runOnlyForDeploymentPostprocessing = 0;
		};
		A546635118C930390036819B /* Sources */ = {
			isa = PBXSourcesBuildPhase;
			buildActionMask = 2147483647;
			files = (
				A546635218C930390036819B /* _dyld_func_lookup.c in Sources */,
				A546635318C930390036819B /* dlfcn_simple.c in Sources */,
				A546635618C930390036819B /* lookupDyldFunction.c in Sources */,
			);
			runOnlyForDeploymentPostprocessing = 0;
		};
		A54665D118CA2BE90036819B /* Sources */ = {
			isa = PBXSourcesBuildPhase;
			buildActionMask = 2147483647;
			files = (
				A54665D218CA2BE90036819B /* dlmodule.c in Sources */,
				A54665EE18CA2C690036819B /* dladdr.c in Sources */,
				A54665D418CA2BE90036819B /* libfoo.c in Sources */,
			);
			runOnlyForDeploymentPostprocessing = 0;
		};
		A54665E218CA2C2D0036819B /* Sources */ = {
			isa = PBXSourcesBuildPhase;
			buildActionMask = 2147483647;
			files = (
				A54665E318CA2C2D0036819B /* dlmodule.c in Sources */,
				A54665ED18CA2C560036819B /* dlsymtest.c in Sources */,
				A54665E518CA2C2D0036819B /* libfoo.c in Sources */,
			);
			runOnlyForDeploymentPostprocessing = 0;
		};
		D2AAC0610554660B00DB518D /* Sources */ = {
			isa = PBXSourcesBuildPhase;
			buildActionMask = 2147483647;
			files = (
				A54662E918C92D160036819B /* _dyld_func_lookup.c in Sources */,
				A54662EB18C92D160036819B /* dlfcn.c in Sources */,
				A54662EC18C92D160036819B /* error.c in Sources */,
				A54662ED18C92D160036819B /* lookupDyldFunction.c in Sources */,
				A54662EE18C92D160036819B /* malloc.c in Sources */,
				A54662EF18C92D160036819B /* progname.c in Sources */,
				A54662F018C92D160036819B /* realloc.c in Sources */,
			);
			runOnlyForDeploymentPostprocessing = 0;
		};
/* End PBXSourcesBuildPhase section */

/* Begin PBXTargetDependency section */
		A546664318CA304F0036819B /* PBXTargetDependency */ = {
			isa = PBXTargetDependency;
			target = A54665CF18CA2BE90036819B /* dlcompat-dladdr-test */;
			targetProxy = A546664218CA304F0036819B /* PBXContainerItemProxy */;
		};
		A546664518CA304F0036819B /* PBXTargetDependency */ = {
			isa = PBXTargetDependency;
			target = A54665E018CA2C2D0036819B /* dlcompat-dlsymtest-test */;
			targetProxy = A546664418CA304F0036819B /* PBXContainerItemProxy */;
		};
		A546664718CA304F0036819B /* PBXTargetDependency */ = {
			isa = PBXTargetDependency;
			target = A546630018C92DBC0036819B /* dlcompat-dltest-test */;
			targetProxy = A546664618CA304F0036819B /* PBXContainerItemProxy */;
		};
/* End PBXTargetDependency section */

/* Begin XCBuildConfiguration section */
		1DEB914B08733D8E0010E9CD /* Debug */ = {
			isa = XCBuildConfiguration;
			buildSettings = {
				ALWAYS_SEARCH_USER_PATHS = NO;
				COPY_PHASE_STRIP = NO;
				EXECUTABLE_PREFIX = lib;
				GCC_DYNAMIC_NO_PIC = NO;
				GCC_ENABLE_FIX_AND_CONTINUE = YES;
				GCC_MODEL_TUNING = G5;
				GCC_OPTIMIZATION_LEVEL = 0;
				GCC_WARN_FOUR_CHARACTER_CONSTANTS = NO;
				INSTALL_PATH = /usr/local/lib;
				PRODUCT_NAME = dlcompat;
			};
			name = Debug;
		};
		1DEB914C08733D8E0010E9CD /* Release */ = {
			isa = XCBuildConfiguration;
			buildSettings = {
				ALWAYS_SEARCH_USER_PATHS = NO;
				DEBUG_INFORMATION_FORMAT = "dwarf-with-dsym";
				EXECUTABLE_PREFIX = lib;
				GCC_MODEL_TUNING = G5;
				GCC_WARN_FOUR_CHARACTER_CONSTANTS = NO;
				INSTALL_PATH = /usr/local/lib;
				PRODUCT_NAME = dlcompat;
			};
			name = Release;
		};
		1DEB914F08733D8E0010E9CD /* Debug */ = {
			isa = XCBuildConfiguration;
			buildSettings = {
				ARCHS = (
					i386,
					x86_64,
					ppc,
				);
				"ARCHS[sdk=macosx10.3.9]" = ppc;
				"ARCHS[sdk=macosx10.4]" = (
					ppc,
					i386,
				);
				"ARCHS[sdk=macosx10.5]" = (
					ppc,
					ppc64,
					i386,
					x86_64,
				);
				"ARCHS[sdk=macosx10.6]" = "$(ARCHS_STANDARD_32_64_BIT)";
				COPY_PHASE_STRIP = NO;
				DEBUG_INFORMATION_FORMAT = "dwarf-with-dsym";
				"GCC_ALTIVEC_EXTENSIONS[arch=ppc64]" = YES;
				GCC_C_LANGUAGE_STANDARD = gnu99;
				GCC_DEBUGGING_SYMBOLS = full;
				GCC_ENABLE_EXCEPTIONS = YES;
				GCC_ENABLE_FIX_AND_CONTINUE = YES;
				"GCC_ENABLE_SSE3_EXTENSIONS[arch=i386]" = YES;
				"GCC_ENABLE_SSE3_EXTENSIONS[arch=x86_64]" = YES;
				"GCC_ENABLE_SSE41_EXTENSIONS[sdk=macosx10.6][arch=i386]" = YES;
				"GCC_ENABLE_SSE41_EXTENSIONS[sdk=macosx10.6][arch=x86_64]" = YES;
				"GCC_ENABLE_SSE42_EXTENSIONS[sdk=macosx10.6][arch=i386]" = YES;
				"GCC_ENABLE_SSE42_EXTENSIONS[sdk=macosx10.6][arch=x86_64]" = YES;
				"GCC_ENABLE_SUPPLEMENTAL_SSE3_INSTRUCTIONS[arch=i386]" = YES;
				"GCC_ENABLE_SUPPLEMENTAL_SSE3_INSTRUCTIONS[arch=x86_64]" = YES;
				"GCC_MODEL_PPC64[arch=ppc64]" = YES;
				GCC_OPTIMIZATION_LEVEL = 0;
				GCC_PREPROCESSOR_DEFINITIONS = (
					HAVE_CONFIG_H,
					HAVE_DECL_STRERROR_R,
					"DEBUG=2",
				);
				GCC_WARN_64_TO_32_BIT_CONVERSION = YES;
				GCC_WARN_ABOUT_GLOBAL_CONSTRUCTORS = YES;
				GCC_WARN_ABOUT_MISSING_FIELD_INITIALIZERS = YES;
				GCC_WARN_ABOUT_MISSING_NEWLINE = YES;
				GCC_WARN_ABOUT_MISSING_PROTOTYPES = YES;
				GCC_WARN_ABOUT_RETURN_TYPE = YES;
				GCC_WARN_CHECK_SWITCH_STATEMENTS = YES;
				GCC_WARN_EFFECTIVE_CPLUSPLUS_VIOLATIONS = YES;
				GCC_WARN_HIDDEN_VIRTUAL_FUNCTIONS = YES;
				GCC_WARN_INITIALIZER_NOT_FULLY_BRACKETED = YES;
				GCC_WARN_MISSING_PARENTHESES = YES;
				GCC_WARN_MULTIPLE_DEFINITION_TYPES_FOR_SELECTOR = YES;
				GCC_WARN_NON_VIRTUAL_DESTRUCTOR = YES;
				GCC_WARN_PEDANTIC = YES;
				GCC_WARN_PROTOTYPE_CONVERSION = YES;
				GCC_WARN_SHADOW = YES;
				GCC_WARN_SIGN_COMPARE = YES;
				GCC_WARN_STRICT_SELECTOR_MATCH = YES;
				GCC_WARN_UNDECLARED_SELECTOR = YES;
				GCC_WARN_UNKNOWN_PRAGMAS = YES;
				GCC_WARN_UNUSED_FUNCTION = YES;
				GCC_WARN_UNUSED_LABEL = YES;
				GCC_WARN_UNUSED_PARAMETER = YES;
				GCC_WARN_UNUSED_VALUE = YES;
				GCC_WARN_UNUSED_VARIABLE = YES;
				GENERATE_PKGINFO_FILE = YES;
				LD_GENERATE_MAP_FILE = YES;
				"MACOSX_DEPLOYMENT_TARGET[arch=i386]" = 10.4;
				"MACOSX_DEPLOYMENT_TARGET[arch=ppc64]" = 10.5;
				"MACOSX_DEPLOYMENT_TARGET[arch=ppc]" = 10.3;
				"MACOSX_DEPLOYMENT_TARGET[arch=x86_64]" = 10.6;
				ONLY_ACTIVE_ARCH = YES;
				OTHER_CFLAGS = "-ggdb";
				PREBINDING = NO;
				RUN_CLANG_STATIC_ANALYZER = YES;
				SCAN_ALL_SOURCE_FILES_FOR_INCLUDES = YES;
				SDKROOT = macosx10.6;
				"SDKROOT[arch=ppc64]" = macosx10.5;
				"SDKROOT[arch=ppc]" = macosx10.5;
				STRIP_INSTALLED_PRODUCT = NO;
				STRIP_STYLE = "non-global";
				VALIDATE_PRODUCT = YES;
				VERSIONING_SYSTEM = "apple-generic";
				WARNING_CFLAGS = (
					"-Wall",
					"-Wextra",
					"-Wstrict-prototypes",
					"-Wimplicit",
					"-Winline",
					"-Wno-four-char-constants",
					"-Wno-multichar",
					"-Wundef",
					"-Wunused-macros",
					"-Wold-style-definition",
					"-Wmissing-declarations",
					"-Wformat=2",
				);
			};
			name = Debug;
		};
		1DEB915008733D8E0010E9CD /* Release */ = {
			isa = XCBuildConfiguration;
			buildSettings = {
				ARCHS = "$(ARCHS_STANDARD_32_64_BIT)";
				"ARCHS[sdk=macosx10.3.9]" = ppc;
				"ARCHS[sdk=macosx10.4]" = (
					ppc,
					i386,
				);
				"ARCHS[sdk=macosx10.5]" = (
					ppc,
					ppc64,
					i386,
					x86_64,
				);
				"ARCHS[sdk=macosx10.6]" = "$(ARCHS_STANDARD_32_64_BIT)";
				"GCC_ALTIVEC_EXTENSIONS[arch=ppc64]" = YES;
				GCC_C_LANGUAGE_STANDARD = gnu99;
				GCC_ENABLE_SSE3_EXTENSIONS = YES;
				"GCC_ENABLE_SSE41_EXTENSIONS[sdk=macosx10.6][arch=i386]" = YES;
				"GCC_ENABLE_SSE41_EXTENSIONS[sdk=macosx10.6][arch=x86_64]" = YES;
				"GCC_ENABLE_SSE42_EXTENSIONS[sdk=macosx10.6][arch=i386]" = YES;
				"GCC_ENABLE_SSE42_EXTENSIONS[sdk=macosx10.6][arch=x86_64]" = YES;
				GCC_ENABLE_SUPPLEMENTAL_SSE3_INSTRUCTIONS = YES;
				GCC_GENERATE_DEBUGGING_SYMBOLS = NO;
				GCC_INLINES_ARE_PRIVATE_EXTERN = YES;
				"GCC_MODEL_PPC64[arch=ppc64]" = YES;
				"GCC_MODEL_TUNING[arch=ppc64]" = G5;
				GCC_PREPROCESSOR_DEFINITIONS = (
					HAVE_CONFIG_H,
					HAVE_DECL_STRERROR_R,
				);
				GCC_STRICT_ALIASING = YES;
				GCC_SYMBOLS_PRIVATE_EXTERN = YES;
				GCC_UNROLL_LOOPS = YES;
				GCC_WARN_ABOUT_MISSING_NEWLINE = YES;
				GCC_WARN_ABOUT_MISSING_PROTOTYPES = YES;
				GCC_WARN_ABOUT_RETURN_TYPE = YES;
				GCC_WARN_UNINITIALIZED_AUTOS = YES;
				GCC_WARN_UNUSED_LABEL = YES;
				GCC_WARN_UNUSED_VALUE = YES;
				GENERATE_PKGINFO_FILE = YES;
				LD_GENERATE_MAP_FILE = YES;
				"MACOSX_DEPLOYMENT_TARGET[arch=i386]" = 10.4;
				"MACOSX_DEPLOYMENT_TARGET[arch=ppc64]" = 10.5;
				"MACOSX_DEPLOYMENT_TARGET[arch=ppc]" = 10.3;
				"MACOSX_DEPLOYMENT_TARGET[arch=x86_64]" = 10.6;
				OTHER_CFLAGS = "-fstack-protector";
				PREBINDING = NO;
				RUN_CLANG_STATIC_ANALYZER = YES;
				SCAN_ALL_SOURCE_FILES_FOR_INCLUDES = YES;
				SDKROOT = macosx10.6;
				"SDKROOT[arch=ppc64]" = macosx10.5;
				"SDKROOT[arch=ppc]" = macosx10.5;
				SEPARATE_STRIP = YES;
				STRIP_STYLE = debugging;
				VALIDATE_PRODUCT = YES;
				VERSIONING_SYSTEM = "apple-generic";
				WARNING_CFLAGS = (
					"-Wall",
					"-Wstrict-prototypes",
					"-Wimplicit",
					"-Wno-four-char-constants",
					"-Wno-multichar",
					"-Wundef",
					"-Winit-self",
					"-Wdisabled-optimization",
					"-Wstrict-aliasing=2",
					"-Wstack-protector",
					"-Wformat-security",
				);
			};
			name = Release;
		};
		A546630318C92DBC0036819B /* Debug */ = {
			isa = XCBuildConfiguration;
			buildSettings = {
				ALWAYS_SEARCH_USER_PATHS = NO;
				COPY_PHASE_STRIP = NO;
				FRAMEWORK_SEARCH_PATHS = "$(DEVELOPER_LIBRARY_DIR)/Frameworks";
				GCC_DYNAMIC_NO_PIC = NO;
				GCC_ENABLE_FIX_AND_CONTINUE = NO;
				GCC_ENABLE_OBJC_EXCEPTIONS = YES;
				GCC_MODEL_TUNING = G5;
				GCC_OPTIMIZATION_LEVEL = 0;
				GCC_PRECOMPILE_PREFIX_HEADER = YES;
				GCC_PREPROCESSOR_DEFINITIONS = (
					HAVE_CONFIG_H,
					HAVE_DECL_STRERROR_R,
					"DEBUG=2",
					"DL_MODULE_NUMBER=\\\"lib\\\"",
				);
				INFOPLIST_FILE = "dlcompat-dltest-test-Info.plist";
				INSTALL_PATH = "$(USER_LIBRARY_DIR)/Bundles";
				OTHER_LDFLAGS = (
					"-framework",
					Cocoa,
					"-framework",
					SenTestingKit,
				);
				PREBINDING = NO;
				PRODUCT_NAME = "dlcompat-dltest-test";
				WRAPPER_EXTENSION = octest;
			};
			name = Debug;
		};
		A546630418C92DBC0036819B /* Release */ = {
			isa = XCBuildConfiguration;
			buildSettings = {
				ALWAYS_SEARCH_USER_PATHS = NO;
				COPY_PHASE_STRIP = YES;
				DEBUG_INFORMATION_FORMAT = "dwarf-with-dsym";
				FRAMEWORK_SEARCH_PATHS = "$(DEVELOPER_LIBRARY_DIR)/Frameworks";
				GCC_ENABLE_EXCEPTIONS = YES;
				GCC_ENABLE_FIX_AND_CONTINUE = NO;
				GCC_ENABLE_OBJC_EXCEPTIONS = YES;
				GCC_MODEL_TUNING = G5;
				GCC_PRECOMPILE_PREFIX_HEADER = YES;
				GCC_PREPROCESSOR_DEFINITIONS = (
					HAVE_CONFIG_H,
					HAVE_DECL_STRERROR_R,
					"DL_MODULE_NUMBER=\\\"lib\\\"",
				);
				INFOPLIST_FILE = "dlcompat-dltest-test-Info.plist";
				INSTALL_PATH = "$(USER_LIBRARY_DIR)/Bundles";
				OTHER_LDFLAGS = (
					"-framework",
					Cocoa,
					"-framework",
					SenTestingKit,
				);
				PREBINDING = NO;
				PRODUCT_NAME = "dlcompat-dltest-test";
				WRAPPER_EXTENSION = octest;
				ZERO_LINK = NO;
			};
			name = Release;
		};
		A546635C18C930390036819B /* Debug */ = {
			isa = XCBuildConfiguration;
			buildSettings = {
				ALWAYS_SEARCH_USER_PATHS = NO;
				COPY_PHASE_STRIP = NO;
				EXECUTABLE_PREFIX = lib;
				GCC_DYNAMIC_NO_PIC = NO;
				GCC_ENABLE_FIX_AND_CONTINUE = YES;
				GCC_MODEL_TUNING = G5;
				GCC_OPTIMIZATION_LEVEL = 0;
				INSTALL_PATH = /usr/local/lib;
				PRODUCT_NAME = dlcompat;
			};
			name = Debug;
		};
		A546635D18C930390036819B /* Release */ = {
			isa = XCBuildConfiguration;
			buildSettings = {
				ALWAYS_SEARCH_USER_PATHS = NO;
				DEBUG_INFORMATION_FORMAT = "dwarf-with-dsym";
				EXECUTABLE_PREFIX = lib;
				GCC_MODEL_TUNING = G5;
				INSTALL_PATH = /usr/local/lib;
				PRODUCT_NAME = dlcompat;
			};
			name = Release;
		};
		A54665B218CA2AF90036819B /* Debug */ = {
			isa = XCBuildConfiguration;
			buildSettings = {
				COPY_PHASE_STRIP = NO;
				GCC_DYNAMIC_NO_PIC = NO;
				GCC_OPTIMIZATION_LEVEL = 0;
				PRODUCT_NAME = "make-dlcompat";
			};
			name = Debug;
		};
		A54665B318CA2AF90036819B /* Release */ = {
			isa = XCBuildConfiguration;
			buildSettings = {
				COPY_PHASE_STRIP = YES;
				DEBUG_INFORMATION_FORMAT = "dwarf-with-dsym";
				GCC_ENABLE_FIX_AND_CONTINUE = NO;
				PRODUCT_NAME = "make-dlcompat";
				ZERO_LINK = NO;
			};
			name = Release;
		};
		A54665BA18CA2B490036819B /* Debug */ = {
			isa = XCBuildConfiguration;
			buildSettings = {
				COPY_PHASE_STRIP = NO;
				GCC_DYNAMIC_NO_PIC = NO;
				GCC_OPTIMIZATION_LEVEL = 0;
				PRODUCT_NAME = "make-dlcompat-test";
			};
			name = Debug;
		};
		A54665BB18CA2B490036819B /* Release */ = {
			isa = XCBuildConfiguration;
			buildSettings = {
				COPY_PHASE_STRIP = YES;
				DEBUG_INFORMATION_FORMAT = "dwarf-with-dsym";
				GCC_ENABLE_FIX_AND_CONTINUE = NO;
				PRODUCT_NAME = "make-dlcompat-test";
				ZERO_LINK = NO;
			};
			name = Release;
		};
		A54665D818CA2BE90036819B /* Debug */ = {
			isa = XCBuildConfiguration;
			buildSettings = {
				ALWAYS_SEARCH_USER_PATHS = NO;
				COPY_PHASE_STRIP = NO;
				FRAMEWORK_SEARCH_PATHS = "$(DEVELOPER_LIBRARY_DIR)/Frameworks";
				GCC_DYNAMIC_NO_PIC = NO;
				GCC_ENABLE_FIX_AND_CONTINUE = NO;
				GCC_ENABLE_OBJC_EXCEPTIONS = YES;
				GCC_MODEL_TUNING = G5;
				GCC_OPTIMIZATION_LEVEL = 0;
				GCC_PRECOMPILE_PREFIX_HEADER = YES;
				GCC_PREPROCESSOR_DEFINITIONS = (
					HAVE_CONFIG_H,
					HAVE_DECL_STRERROR_R,
					"DEBUG=2",
					"DL_MODULE_NUMBER=\\\"lib\\\"",
				);
				INFOPLIST_FILE = "dlcompat-dladdr-test-Info.plist";
				INSTALL_PATH = "$(USER_LIBRARY_DIR)/Bundles";
				OTHER_LDFLAGS = (
					"-framework",
					Cocoa,
					"-framework",
					SenTestingKit,
				);
				PREBINDING = NO;
				PRODUCT_NAME = "dlcompat-dladdr-test";
				WRAPPER_EXTENSION = octest;
			};
			name = Debug;
		};
		A54665D918CA2BE90036819B /* Release */ = {
			isa = XCBuildConfiguration;
			buildSettings = {
				ALWAYS_SEARCH_USER_PATHS = NO;
				COPY_PHASE_STRIP = YES;
				DEBUG_INFORMATION_FORMAT = "dwarf-with-dsym";
				FRAMEWORK_SEARCH_PATHS = "$(DEVELOPER_LIBRARY_DIR)/Frameworks";
				GCC_ENABLE_EXCEPTIONS = YES;
				GCC_ENABLE_FIX_AND_CONTINUE = NO;
				GCC_ENABLE_OBJC_EXCEPTIONS = YES;
				GCC_MODEL_TUNING = G5;
				GCC_PRECOMPILE_PREFIX_HEADER = YES;
				GCC_PREPROCESSOR_DEFINITIONS = (
					HAVE_CONFIG_H,
					HAVE_DECL_STRERROR_R,
					"DL_MODULE_NUMBER=\\\"lib\\\"",
				);
				INFOPLIST_FILE = "dlcompat-dladdr-test-Info.plist";
				INSTALL_PATH = "$(USER_LIBRARY_DIR)/Bundles";
				OTHER_LDFLAGS = (
					"-framework",
					Cocoa,
					"-framework",
					SenTestingKit,
				);
				PREBINDING = NO;
				PRODUCT_NAME = "dlcompat-dladdr-test";
				WRAPPER_EXTENSION = octest;
				ZERO_LINK = NO;
			};
			name = Release;
		};
		A54665E918CA2C2D0036819B /* Debug */ = {
			isa = XCBuildConfiguration;
			buildSettings = {
				ALWAYS_SEARCH_USER_PATHS = NO;
				COPY_PHASE_STRIP = NO;
				FRAMEWORK_SEARCH_PATHS = "$(DEVELOPER_LIBRARY_DIR)/Frameworks";
				GCC_DYNAMIC_NO_PIC = NO;
				GCC_ENABLE_FIX_AND_CONTINUE = NO;
				GCC_ENABLE_OBJC_EXCEPTIONS = YES;
				GCC_MODEL_TUNING = G5;
				GCC_OPTIMIZATION_LEVEL = 0;
				GCC_PRECOMPILE_PREFIX_HEADER = YES;
				GCC_PREPROCESSOR_DEFINITIONS = (
					HAVE_CONFIG_H,
					HAVE_DECL_STRERROR_R,
					"DEBUG=2",
					"DL_MODULE_NUMBER=\\\"lib\\\"",
				);
				INFOPLIST_FILE = "dlcompat-dlsymtest-test-Info.plist";
				INSTALL_PATH = "$(USER_LIBRARY_DIR)/Bundles";
				OTHER_LDFLAGS = (
					"-framework",
					Cocoa,
					"-framework",
					SenTestingKit,
				);
				PREBINDING = NO;
				PRODUCT_NAME = "dlcompat-dlsymtest-test";
				WRAPPER_EXTENSION = octest;
			};
			name = Debug;
		};
		A54665EA18CA2C2D0036819B /* Release */ = {
			isa = XCBuildConfiguration;
			buildSettings = {
				ALWAYS_SEARCH_USER_PATHS = NO;
				COPY_PHASE_STRIP = YES;
				DEBUG_INFORMATION_FORMAT = "dwarf-with-dsym";
				FRAMEWORK_SEARCH_PATHS = "$(DEVELOPER_LIBRARY_DIR)/Frameworks";
				GCC_ENABLE_EXCEPTIONS = YES;
				GCC_ENABLE_FIX_AND_CONTINUE = NO;
				GCC_ENABLE_OBJC_EXCEPTIONS = YES;
				GCC_MODEL_TUNING = G5;
				GCC_PRECOMPILE_PREFIX_HEADER = YES;
				GCC_PREPROCESSOR_DEFINITIONS = (
					HAVE_CONFIG_H,
					HAVE_DECL_STRERROR_R,
					"DL_MODULE_NUMBER=\\\"lib\\\"",
				);
				INFOPLIST_FILE = "dlcompat-dlsymtest-test-Info.plist";
				INSTALL_PATH = "$(USER_LIBRARY_DIR)/Bundles";
				OTHER_LDFLAGS = (
					"-framework",
					Cocoa,
					"-framework",
					SenTestingKit,
				);
				PREBINDING = NO;
				PRODUCT_NAME = "dlcompat-dlsymtest-test";
				WRAPPER_EXTENSION = octest;
				ZERO_LINK = NO;
			};
			name = Release;
		};
		A546664018CA30490036819B /* Debug */ = {
			isa = XCBuildConfiguration;
			buildSettings = {
				COPY_PHASE_STRIP = NO;
				GCC_DYNAMIC_NO_PIC = NO;
				GCC_OPTIMIZATION_LEVEL = 0;
				PRODUCT_NAME = "dlcompat-all-tests";
			};
			name = Debug;
		};
		A546664118CA30490036819B /* Release */ = {
			isa = XCBuildConfiguration;
			buildSettings = {
				COPY_PHASE_STRIP = YES;
				DEBUG_INFORMATION_FORMAT = "dwarf-with-dsym";
				GCC_ENABLE_FIX_AND_CONTINUE = NO;
				PRODUCT_NAME = "dlcompat-all-tests";
				ZERO_LINK = NO;
			};
			name = Release;
		};
/* End XCBuildConfiguration section */

/* Begin XCConfigurationList section */
		1DEB914A08733D8E0010E9CD /* Build configuration list for PBXNativeTarget "dlcompat" */ = {
			isa = XCConfigurationList;
			buildConfigurations = (
				1DEB914B08733D8E0010E9CD /* Debug */,
				1DEB914C08733D8E0010E9CD /* Release */,
			);
			defaultConfigurationIsVisible = 0;
			defaultConfigurationName = Release;
		};
		1DEB914E08733D8E0010E9CD /* Build configuration list for PBXProject "dlcompat" */ = {
			isa = XCConfigurationList;
			buildConfigurations = (
				1DEB914F08733D8E0010E9CD /* Debug */,
				1DEB915008733D8E0010E9CD /* Release */,
			);
			defaultConfigurationIsVisible = 0;
			defaultConfigurationName = Release;
		};
		A546630518C92DBC0036819B /* Build configuration list for PBXNativeTarget "dlcompat-dltest-test" */ = {
			isa = XCConfigurationList;
			buildConfigurations = (
				A546630318C92DBC0036819B /* Debug */,
				A546630418C92DBC0036819B /* Release */,
			);
			defaultConfigurationIsVisible = 0;
			defaultConfigurationName = Release;
		};
		A546635B18C930390036819B /* Build configuration list for PBXNativeTarget "dlcompat_simple" */ = {
			isa = XCConfigurationList;
			buildConfigurations = (
				A546635C18C930390036819B /* Debug */,
				A546635D18C930390036819B /* Release */,
			);
			defaultConfigurationIsVisible = 0;
			defaultConfigurationName = Release;
		};
		A54665B818CA2B2C0036819B /* Build configuration list for PBXLegacyTarget "make-dlcompat" */ = {
			isa = XCConfigurationList;
			buildConfigurations = (
				A54665B218CA2AF90036819B /* Debug */,
				A54665B318CA2AF90036819B /* Release */,
			);
			defaultConfigurationIsVisible = 0;
			defaultConfigurationName = Release;
		};
		A54665BC18CA2B670036819B /* Build configuration list for PBXLegacyTarget "make-dlcompat-test" */ = {
			isa = XCConfigurationList;
			buildConfigurations = (
				A54665BA18CA2B490036819B /* Debug */,
				A54665BB18CA2B490036819B /* Release */,
			);
			defaultConfigurationIsVisible = 0;
			defaultConfigurationName = Release;
		};
		A54665D718CA2BE90036819B /* Build configuration list for PBXNativeTarget "dlcompat-dladdr-test" */ = {
			isa = XCConfigurationList;
			buildConfigurations = (
				A54665D818CA2BE90036819B /* Debug */,
				A54665D918CA2BE90036819B /* Release */,
			);
			defaultConfigurationIsVisible = 0;
			defaultConfigurationName = Release;
		};
		A54665E818CA2C2D0036819B /* Build configuration list for PBXNativeTarget "dlcompat-dlsymtest-test" */ = {
			isa = XCConfigurationList;
			buildConfigurations = (
				A54665E918CA2C2D0036819B /* Debug */,
				A54665EA18CA2C2D0036819B /* Release */,
			);
			defaultConfigurationIsVisible = 0;
			defaultConfigurationName = Release;
		};
		A546665918CA306F0036819B /* Build configuration list for PBXAggregateTarget "dlcompat-all-tests" */ = {
			isa = XCConfigurationList;
			buildConfigurations = (
				A546664018CA30490036819B /* Debug */,
				A546664118CA30490036819B /* Release */,
			);
			defaultConfigurationIsVisible = 0;
			defaultConfigurationName = Release;
		};
/* End XCConfigurationList section */
	};
	rootObject = 08FB7793FE84155DC02AAC07 /* Project object */;
}
